PODS:
  - RxCocoa (6.1.0):
    - RxRelay (= 6.1.0)
    - RxSwift (= 6.1.0)
  - RxRelay (6.1.0):
    - RxSwift (= 6.1.0)
  - RxSwift (6.1.0)

DEPENDENCIES:
  - RxCocoa
  - RxSwift

SPEC REPOS:
  trunk:
    - RxCocoa
    - RxRelay
    - RxSwift

SPEC CHECKSUMS:
  RxCocoa: 5c51f02d562cbd94629f6c26cf0c80fe4ab8d343
  RxRelay: 483e1a19fad961b41f0b0c0bee506f46c1ae14fe
  RxSwift: a834e5c538e89eca0cae86f403f4fbf0336786ce

PODFILE CHECKSUM: 72826f29ea12c668a35af30ec6acd1cbe0d603ff

COCOAPODS: 1.10.0
